# This file is automatically @generated by Cargo.
# It is not intended for manual editing.
version = 4

[[package]]
name = "heron-audio"
version = "0.1.0"

[[package]]
name = "heron-cli"
version = "0.1.0"

[[package]]
name = "heron-desktop"
version = "0.1.0"

[[package]]
name = "heron-llm"
version = "0.1.0"

[[package]]
name = "heron-speech"
version = "0.1.0"

[[package]]
name = "heron-types"
version = "0.1.0"

[[package]]
name = "heron-vault"
version = "0.1.0"

[[package]]
name = "heron-zoom"
version = "0.1.0"
